
Microsoft Visual Studio Solution File, Format Version 12.00
# Visual Studio Version 17
VisualStudioVersion = 17.8.34330.188
MinimumVisualStudioVersion = 10.0.40219.1
Project("{FAE04EC0-301F-11D3-BF4B-00C04F79EFBC}") = "TaskManager", "TaskManager\TaskManager.csproj", "{0E78BAFA-5CCB-4FDB-8234-BEB0F3FAD1EF}"
EndProject
Global
	GlobalSection(SolutionConfigurationPlatforms) = preSolution
		Debug|Any CPU = Debug|Any CPU
		Release|Any CPU = Release|Any CPU
	EndGlobalSection
	GlobalSection(ProjectConfigurationPlatforms) = postSolution
		{0E78BAFA-5CCB-4FDB-8234-BEB0F3FAD1EF}.Debug|Any CPU.ActiveCfg = Debug|Any CPU
		{0E78BAFA-5CCB-4FDB-8234-BEB0F3FAD1EF}.Debug|Any CPU.Build.0 = Debug|Any CPU
		{0E78BAFA-5CCB-4FDB-8234-BEB0F3FAD1EF}.Release|Any CPU.ActiveCfg = Release|Any CPU
		{0E78BAFA-5CCB-4FDB-8234-BEB0F3FAD1EF}.Release|Any CPU.Build.0 = Release|Any CPU
	EndGlobalSection
	GlobalSection(SolutionProperties) = preSolution
		HideSolutionNode = FALSE
	EndGlobalSection
	GlobalSection(ExtensibilityGlobals) = postSolution
		SolutionGuid = {88F72C7C-B1BA-4194-A2A5-EBA52DBB3530}
	EndGlobalSection
EndGlobal
